
Microsoft Visual Studio Solution File, Format Version 12.00
# Visual Studio Version 17
VisualStudioVersion = 17.11.35208.52
MinimumVisualStudioVersion = 10.0.40219.1
Project("{FAE04EC0-301F-11D3-BF4B-00C04F79EFBC}") = "ProyectoPermisosUsuarios", "ProyectoPermisosUsuarios\ProyectoPermisosUsuarios.csproj", "{A9873D03-3EF8-4CA8-9B0D-CBD1EEC72582}"
EndProject
Project("{FAE04EC0-301F-11D3-BF4B-00C04F79EFBC}") = "Controller", "Controller\Controller.csproj", "{0C40F00A-2082-495D-9C9F-89CA851AA695}"
EndProject
Project("{FAE04EC0-301F-11D3-BF4B-00C04F79EFBC}") = "DataAccess", "DataAccess\DataAccess.csproj", "{5258EA52-DB71-4801-BA4E-BF099A60D646}"
EndProject
Project("{FAE04EC0-301F-11D3-BF4B-00C04F79EFBC}") = "Identities", "Identities\Identities.csproj", "{5588B688-4100-41A8-8246-6B0AC105850D}"
EndProject
Global
	GlobalSection(SolutionConfigurationPlatforms) = preSolution
		Debug|Any CPU = Debug|Any CPU
		Release|Any CPU = Release|Any CPU
	EndGlobalSection
	GlobalSection(ProjectConfigurationPlatforms) = postSolution
		{A9873D03-3EF8-4CA8-9B0D-CBD1EEC72582}.Debug|Any CPU.ActiveCfg = Debug|Any CPU
		{A9873D03-3EF8-4CA8-9B0D-CBD1EEC72582}.Debug|Any CPU.Build.0 = Debug|Any CPU
		{A9873D03-3EF8-4CA8-9B0D-CBD1EEC72582}.Release|Any CPU.ActiveCfg = Release|Any CPU
		{A9873D03-3EF8-4CA8-9B0D-CBD1EEC72582}.Release|Any CPU.Build.0 = Release|Any CPU
		{0C40F00A-2082-495D-9C9F-89CA851AA695}.Debug|Any CPU.ActiveCfg = Debug|Any CPU
		{0C40F00A-2082-495D-9C9F-89CA851AA695}.Debug|Any CPU.Build.0 = Debug|Any CPU
		{0C40F00A-2082-495D-9C9F-89CA851AA695}.Release|Any CPU.ActiveCfg = Release|Any CPU
		{0C40F00A-2082-495D-9C9F-89CA851AA695}.Release|Any CPU.Build.0 = Release|Any CPU
		{5258EA52-DB71-4801-BA4E-BF099A60D646}.Debug|Any CPU.ActiveCfg = Debug|Any CPU
		{5258EA52-DB71-4801-BA4E-BF099A60D646}.Debug|Any CPU.Build.0 = Debug|Any CPU
		{5258EA52-DB71-4801-BA4E-BF099A60D646}.Release|Any CPU.ActiveCfg = Release|Any CPU
		{5258EA52-DB71-4801-BA4E-BF099A60D646}.Release|Any CPU.Build.0 = Release|Any CPU
		{5588B688-4100-41A8-8246-6B0AC105850D}.Debug|Any CPU.ActiveCfg = Debug|Any CPU
		{5588B688-4100-41A8-8246-6B0AC105850D}.Debug|Any CPU.Build.0 = Debug|Any CPU
		{5588B688-4100-41A8-8246-6B0AC105850D}.Release|Any CPU.ActiveCfg = Release|Any CPU
		{5588B688-4100-41A8-8246-6B0AC105850D}.Release|Any CPU.Build.0 = Release|Any CPU
	EndGlobalSection
	GlobalSection(SolutionProperties) = preSolution
		HideSolutionNode = FALSE
	EndGlobalSection
	GlobalSection(ExtensibilityGlobals) = postSolution
		SolutionGuid = {39653641-213B-48C9-9B0C-F7EEC7109441}
	EndGlobalSection
EndGlobal
